
Microsoft Visual Studio Solution File, Format Version 12.00
# Visual Studio Version 17
VisualStudioVersion = 17.0.31903.59
MinimumVisualStudioVersion = 10.0.40219.1
Project("{FAE04EC0-301F-11D3-BF4B-00C04F79EFBC}") = "AmazonCognitoDemoAPI", "AmazonCognitoDemoAPI\AmazonCognitoDemoAPI.csproj", "{125E21D7-829A-4BC8-8FBA-075F8570B3E8}"
EndProject
Global
	GlobalSection(SolutionConfigurationPlatforms) = preSolution
		Debug|Any CPU = Debug|Any CPU
		Release|Any CPU = Release|Any CPU
	EndGlobalSection
	GlobalSection(SolutionProperties) = preSolution
		HideSolutionNode = FALSE
	EndGlobalSection
	GlobalSection(ProjectConfigurationPlatforms) = postSolution
		{125E21D7-829A-4BC8-8FBA-075F8570B3E8}.Debug|Any CPU.ActiveCfg = Debug|Any CPU
		{125E21D7-829A-4BC8-8FBA-075F8570B3E8}.Debug|Any CPU.Build.0 = Debug|Any CPU
		{125E21D7-829A-4BC8-8FBA-075F8570B3E8}.Release|Any CPU.ActiveCfg = Release|Any CPU
		{125E21D7-829A-4BC8-8FBA-075F8570B3E8}.Release|Any CPU.Build.0 = Release|Any CPU
	EndGlobalSection
EndGlobal
